// !$*UTF8*$!
{
	archiveVersion = 1;
	classes = {
	};
	objectVersion = 46;
	objects = {

/* Begin PBXBuildFile section */
		293B50B81E852A1000F3746B /* main.m in Sources */ = {isa = PBXBuildFile; fileRef = 293B50B71E852A1000F3746B /* main.m */; };
		293B50C01E852FF000F3746B /* NSString+URLEncoding.m in Sources */ = {isa = PBXBuildFile; fileRef = 293B50BF1E852FF000F3746B /* NSString+URLEncoding.m */; };
		29E8A0B71E8BAA1F00E47707 /* UrlTests.m in Sources */ = {isa = PBXBuildFile; fileRef = 29E8A0B61E8BAA1F00E47707 /* UrlTests.m */; };
		29E8A0BC1E8BC76700E47707 /* NSString+URLEncoding.m in Sources */ = {isa = PBXBuildFile; fileRef = 293B50BF1E852FF000F3746B /* NSString+URLEncoding.m */; };
/* End PBXBuildFile section */

/* Begin PBXCopyFilesBuildPhase section */
		293B50B21E852A0F00F3746B /* CopyFiles */ = {
			isa = PBXCopyFilesBuildPhase;
			buildActionMask = 2147483647;
			dstPath = /usr/share/man/man1/;
			dstSubfolderSpec = 0;
			files = (
			);
			runOnlyForDeploymentPostprocessing = 1;
		};
/* End PBXCopyFilesBuildPhase section */

/* Begin PBXFileReference section */
		293B50B41E852A1000F3746B /* Test */ = {isa = PBXFileReference; explicitFileType = "compiled.mach-o.executable"; includeInIndex = 0; path = Test; sourceTree = BUILT_PRODUCTS_DIR; };
		293B50B71E852A1000F3746B /* main.m */ = {isa = PBXFileReference; lastKnownFileType = sourcecode.c.objc; path = main.m; sourceTree = "<group>"; };
		293B50BE1E852FF000F3746B /* NSString+URLEncoding.h */ = {isa = PBXFileReference; fileEncoding = 4; lastKnownFileType = sourcecode.c.h; name = "NSString+URLEncoding.h"; path = "URLEncoding/NSString+URLEncoding.h"; sourceTree = "<group>"; };
		293B50BF1E852FF000F3746B /* NSString+URLEncoding.m */ = {isa = PBXFileReference; fileEncoding = 4; lastKnownFileType = sourcecode.c.objc; name = "NSString+URLEncoding.m"; path = "URLEncoding/NSString+URLEncoding.m"; sourceTree = "<group>"; };
		29E8A0B41E8BAA1F00E47707 /* UrlTests.xctest */ = {isa = PBXFileReference; explicitFileType = wrapper.cfbundle; includeInIndex = 0; path = UrlTests.xctest; sourceTree = BUILT_PRODUCTS_DIR; };
		29E8A0B61E8BAA1F00E47707 /* UrlTests.m */ = {isa = PBXFileReference; lastKnownFileType = sourcecode.c.objc; path = UrlTests.m; sourceTree = "<group>"; };
		29E8A0B81E8BAA1F00E47707 /* Info.plist */ = {isa = PBXFileReference; lastKnownFileType = text.plist.xml; path = Info.plist; sourceTree = "<group>"; };
/* End PBXFileReference section */

/* Begin PBXFrameworksBuildPhase section */
		293B50B11E852A0F00F3746B /* Frameworks */ = {
			isa = PBXFrameworksBuildPhase;
			buildActionMask = 2147483647;
			files = (
			);
			runOnlyForDeploymentPostprocessing = 0;
		};
		29E8A0B11E8BAA1F00E47707 /* Frameworks */ = {
			isa = PBXFrameworksBuildPhase;
			buildActionMask = 2147483647;
			files = (
			);
			runOnlyForDeploymentPostprocessing = 0;
		};
/* End PBXFrameworksBuildPhase section */

/* Begin PBXGroup section */
		293B50AB1E852A0F00F3746B = {
			isa = PBXGroup;
			children = (
				293B50C11E85300B00F3746B /* URLEncoding */,
				293B50B61E852A1000F3746B /* Test */,
				29E8A0B51E8BAA1F00E47707 /* UrlTests */,
				293B50B51E852A1000F3746B /* Products */,
			);
			sourceTree = "<group>";
		};
		293B50B51E852A1000F3746B /* Products */ = {
			isa = PBXGroup;
			children = (
				293B50B41E852A1000F3746B /* Test */,
				29E8A0B41E8BAA1F00E47707 /* UrlTests.xctest */,
			);
			name = Products;
			sourceTree = "<group>";
		};
		293B50B61E852A1000F3746B /* Test */ = {
			isa = PBXGroup;
			children = (
				293B50B71E852A1000F3746B /* main.m */,
			);
			path = Test;
			sourceTree = "<group>";
		};
		293B50C11E85300B00F3746B /* URLEncoding */ = {
			isa = PBXGroup;
			children = (
				293B50BE1E852FF000F3746B /* NSString+URLEncoding.h */,
				293B50BF1E852FF000F3746B /* NSString+URLEncoding.m */,
			);
			name = URLEncoding;
			sourceTree = "<group>";
		};
		29E8A0B51E8BAA1F00E47707 /* UrlTests */ = {
			isa = PBXGroup;
			children = (
				29E8A0B61E8BAA1F00E47707 /* UrlTests.m */,
				29E8A0B81E8BAA1F00E47707 /* Info.plist */,
			);
			path = UrlTests;
			sourceTree = "<group>";
		};
/* End PBXGroup section */

/* Begin PBXNativeTarget section */
		293B50B31E852A0F00F3746B /* Test */ = {
			isa = PBXNativeTarget;
			buildConfigurationList = 293B50BB1E852A1000F3746B /* Build configuration list for PBXNativeTarget "Test" */;
			buildPhases = (
				293B50B01E852A0F00F3746B /* Sources */,
				293B50B11E852A0F00F3746B /* Frameworks */,
				293B50B21E852A0F00F3746B /* CopyFiles */,
			);
			buildRules = (
			);
			dependencies = (
			);
			name = Test;
			productName = Test;
			productReference = 293B50B41E852A1000F3746B /* Test */;
			productType = "com.apple.product-type.tool";
		};
		29E8A0B31E8BAA1F00E47707 /* UrlTests */ = {
			isa = PBXNativeTarget;
			buildConfigurationList = 29E8A0B91E8BAA1F00E47707 /* Build configuration list for PBXNativeTarget "UrlTests" */;
			buildPhases = (
				29E8A0B01E8BAA1F00E47707 /* Sources */,
				29E8A0B11E8BAA1F00E47707 /* Frameworks */,
				29E8A0B21E8BAA1F00E47707 /* Resources */,
			);
			buildRules = (
			);
			dependencies = (
			);
			name = UrlTests;
			productName = UrlTests;
			productReference = 29E8A0B41E8BAA1F00E47707 /* UrlTests.xctest */;
			productType = "com.apple.product-type.bundle.unit-test";
		};
/* End PBXNativeTarget section */

/* Begin PBXProject section */
		293B50AC1E852A0F00F3746B /* Project object */ = {
			isa = PBXProject;
			attributes = {
				LastUpgradeCheck = 0710;
				TargetAttributes = {
					293B50B31E852A0F00F3746B = {
						CreatedOnToolsVersion = 7.1.1;
					};
					29E8A0B31E8BAA1F00E47707 = {
						CreatedOnToolsVersion = 7.1.1;
					};
				};
			};
			buildConfigurationList = 293B50AF1E852A0F00F3746B /* Build configuration list for PBXProject "Test" */;
			compatibilityVersion = "Xcode 3.2";
			developmentRegion = English;
			hasScannedForEncodings = 0;
			knownRegions = (
				en,
			);
			mainGroup = 293B50AB1E852A0F00F3746B;
			productRefGroup = 293B50B51E852A1000F3746B /* Products */;
			projectDirPath = "";
			projectRoot = "";
			targets = (
				293B50B31E852A0F00F3746B /* Test */,
				29E8A0B31E8BAA1F00E47707 /* UrlTests */,
			);
		};
/* End PBXProject section */

/* Begin PBXResourcesBuildPhase section */
		29E8A0B21E8BAA1F00E47707 /* Resources */ = {
			isa = PBXResourcesBuildPhase;
			buildActionMask = 2147483647;
			files = (
			);
			runOnlyForDeploymentPostprocessing = 0;
		};
/* End PBXResourcesBuildPhase section */

/* Begin PBXSourcesBuildPhase section */
		293B50B01E852A0F00F3746B /* Sources */ = {
			isa = PBXSourcesBuildPhase;
			buildActionMask = 2147483647;
			files = (
				293B50C01E852FF000F3746B /* NSString+URLEncoding.m in Sources */,
				293B50B81E852A1000F3746B /* main.m in Sources */,
			);
			runOnlyForDeploymentPostprocessing = 0;
		};
		29E8A0B01E8BAA1F00E47707 /* Sources */ = {
			isa = PBXSourcesBuildPhase;
			buildActionMask = 2147483647;
			files = (
				29E8A0BC1E8BC76700E47707 /* NSString+URLEncoding.m in Sources */,
				29E8A0B71E8BAA1F00E47707 /* UrlTests.m in Sources */,
			);
			runOnlyForDeploymentPostprocessing = 0;
		};
/* End PBXSourcesBuildPhase section */

/* Begin XCBuildConfiguration section */
		293B50B91E852A1000F3746B /* Debug */ = {
			isa = XCBuildConfiguration;
			buildSettings = {
				ALWAYS_SEARCH_USER_PATHS = NO;
				CLANG_CXX_LANGUAGE_STANDARD = "gnu++0x";
				CLANG_CXX_LIBRARY = "libc++";
				CLANG_ENABLE_MODULES = YES;
				CLANG_ENABLE_OBJC_ARC = YES;
				CLANG_WARN_BOOL_CONVERSION = YES;
				CLANG_WARN_CONSTANT_CONVERSION = YES;
				CLANG_WARN_DIRECT_OBJC_ISA_USAGE = YES_ERROR;
				CLANG_WARN_EMPTY_BODY = YES;
				CLANG_WARN_ENUM_CONVERSION = YES;
				CLANG_WARN_INT_CONVERSION = YES;
				CLANG_WARN_OBJC_ROOT_CLASS = YES_ERROR;
				CLANG_WARN_UNREACHABLE_CODE = YES;
				CLANG_WARN__DUPLICATE_METHOD_MATCH = YES;
				CODE_SIGN_IDENTITY = "-";
				COPY_PHASE_STRIP = NO;
				DEBUG_INFORMATION_FORMAT = dwarf;
				ENABLE_STRICT_OBJC_MSGSEND = YES;
				ENABLE_TESTABILITY = YES;
				GCC_C_LANGUAGE_STANDARD = gnu99;
				GCC_DYNAMIC_NO_PIC = NO;
				GCC_NO_COMMON_BLOCKS = YES;
				GCC_OPTIMIZATION_LEVEL = 0;
				GCC_PREPROCESSOR_DEFINITIONS = (
					"DEBUG=1",
					"$(inherited)",
				);
				GCC_WARN_64_TO_32_BIT_CONVERSION = YES;
				GCC_WARN_ABOUT_RETURN_TYPE = YES_ERROR;
				GCC_WARN_UNDECLARED_SELECTOR = YES;
				GCC_WARN_UNINITIALIZED_AUTOS = YES_AGGRESSIVE;
				GCC_WARN_UNUSED_FUNCTION = YES;
				GCC_WARN_UNUSED_VARIABLE = YES;
				MACOSX_DEPLOYMENT_TARGET = 10.10;
				MTL_ENABLE_DEBUG_INFO = YES;
				ONLY_ACTIVE_ARCH = YES;
				SDKROOT = macosx;
			};
			name = Debug;
		};
		293B50BA1E852A1000F3746B /* Release */ = {
			isa = XCBuildConfiguration;
			buildSettings = {
				ALWAYS_SEARCH_USER_PATHS = NO;
				CLANG_CXX_LANGUAGE_STANDARD = "gnu++0x";
				CLANG_CXX_LIBRARY = "libc++";
				CLANG_ENABLE_MODULES = YES;
				CLANG_ENABLE_OBJC_ARC = YES;
				CLANG_WARN_BOOL_CONVERSION = YES;
				CLANG_WARN_CONSTANT_CONVERSION = YES;
				CLANG_WARN_DIRECT_OBJC_ISA_USAGE = YES_ERROR;
				CLANG_WARN_EMPTY_BODY = YES;
				CLANG_WARN_ENUM_CONVERSION = YES;
				CLANG_WARN_INT_CONVERSION = YES;
				CLANG_WARN_OBJC_ROOT_CLASS = YES_ERROR;
				CLANG_WARN_UNREACHABLE_CODE = YES;
				CLANG_WARN__DUPLICATE_METHOD_MATCH = YES;
				CODE_SIGN_IDENTITY = "-";
				COPY_PHASE_STRIP = NO;
				DEBUG_INFORMATION_FORMAT = "dwarf-with-dsym";
				ENABLE_NS_ASSERTIONS = NO;
				ENABLE_STRICT_OBJC_MSGSEND = YES;
				GCC_C_LANGUAGE_STANDARD = gnu99;
				GCC_NO_COMMON_BLOCKS = YES;
				GCC_WARN_64_TO_32_BIT_CONVERSION = YES;
				GCC_WARN_ABOUT_RETURN_TYPE = YES_ERROR;
				GCC_WARN_UNDECLARED_SELECTOR = YES;
				GCC_WARN_UNINITIALIZED_AUTOS = YES_AGGRESSIVE;
				GCC_WARN_UNUSED_FUNCTION = YES;
				GCC_WARN_UNUSED_VARIABLE = YES;
				MACOSX_DEPLOYMENT_TARGET = 10.10;
				MTL_ENABLE_DEBUG_INFO = NO;
				SDKROOT = macosx;
			};
			name = Release;
		};
		293B50BC1E852A1000F3746B /* Debug */ = {
			isa = XCBuildConfiguration;
			buildSettings = {
				PRODUCT_NAME = "$(TARGET_NAME)";
			};
			name = Debug;
		};
		293B50BD1E852A1000F3746B /* Release */ = {
			isa = XCBuildConfiguration;
			buildSettings = {
				PRODUCT_NAME = "$(TARGET_NAME)";
			};
			name = Release;
		};
		29E8A0BA1E8BAA1F00E47707 /* Debug */ = {
			isa = XCBuildConfiguration;
			buildSettings = {
				COMBINE_HIDPI_IMAGES = YES;
				INFOPLIST_FILE = UrlTests/Info.plist;
				LD_RUNPATH_SEARCH_PATHS = "$(inherited) @executable_path/../Frameworks @loader_path/../Frameworks";
				PRODUCT_BUNDLE_IDENTIFIER = test.UrlTests;
				PRODUCT_NAME = "$(TARGET_NAME)";
			};
			name = Debug;
		};
		29E8A0BB1E8BAA1F00E47707 /* Release */ = {
			isa = XCBuildConfiguration;
			buildSettings = {
				COMBINE_HIDPI_IMAGES = YES;
				INFOPLIST_FILE = UrlTests/Info.plist;
				LD_RUNPATH_SEARCH_PATHS = "$(inherited) @executable_path/../Frameworks @loader_path/../Frameworks";
				PRODUCT_BUNDLE_IDENTIFIER = test.UrlTests;
				PRODUCT_NAME = "$(TARGET_NAME)";
			};
			name = Release;
		};
/* End XCBuildConfiguration section */

/* Begin XCConfigurationList section */
		293B50AF1E852A0F00F3746B /* Build configuration list for PBXProject "Test" */ = {
			isa = XCConfigurationList;
			buildConfigurations = (
				293B50B91E852A1000F3746B /* Debug */,
				293B50BA1E852A1000F3746B /* Release */,
			);
			defaultConfigurationIsVisible = 0;
			defaultConfigurationName = Release;
		};
		293B50BB1E852A1000F3746B /* Build configuration list for PBXNativeTarget "Test" */ = {
			isa = XCConfigurationList;
			buildConfigurations = (
				293B50BC1E852A1000F3746B /* Debug */,
				293B50BD1E852A1000F3746B /* Release */,
			);
			defaultConfigurationIsVisible = 0;
			defaultConfigurationName = Release;
		};
		29E8A0B91E8BAA1F00E47707 /* Build configuration list for PBXNativeTarget "UrlTests" */ = {
			isa = XCConfigurationList;
			buildConfigurations = (
				29E8A0BA1E8BAA1F00E47707 /* Debug */,
				29E8A0BB1E8BAA1F00E47707 /* Release */,
			);
			defaultConfigurationIsVisible = 0;
		};
/* End XCConfigurationList section */
	};
	rootObject = 293B50AC1E852A0F00F3746B /* Project object */;
}
